
Microsoft Visual Studio Solution File, Format Version 12.00
# Visual Studio Version 17
VisualStudioVersion = 17.9.34723.18
MinimumVisualStudioVersion = 10.0.40219.1
Project("{9A19103F-16F7-4668-BE54-9A1E7A4F7556}") = "DddModelsStore", "DddModelsStore\DddModelsStore.csproj", "{17EF6D49-929C-4657-9BDB-C54B65498EC0}"
EndProject
Project("{FAE04EC0-301F-11D3-BF4B-00C04F79EFBC}") = "DddModelsStore.BusinessLogic", "DddModelsStore.BusinessLogic\DddModelsStore.BusinessLogic.csproj", "{A18C9214-06BC-4C49-9926-6269F40E23A9}"
EndProject
Project("{FAE04EC0-301F-11D3-BF4B-00C04F79EFBC}") = "DddModelsStore.DataAccess", "DddModelsStore.DataAccess\DddModelsStore.DataAccess.csproj", "{C3AB518B-2D35-4FD9-A5DB-9D965DDE05E4}"
EndProject
Project("{FAE04EC0-301F-11D3-BF4B-00C04F79EFBC}") = "DddModelsStore.Infrastucture", "DddModelsStore.Infrastucture\DddModelsStore.Infrastucture.csproj", "{DBF0FE57-ECF6-4CBE-ACC5-AA3F67C52B9F}"
EndProject
Project("{FAE04EC0-301F-11D3-BF4B-00C04F79EFBC}") = "DddModelsStore.UnitTests", "DddModelsStore.UnitTests\DddModelsStore.UnitTests.csproj", "{0723071A-0E1D-4A85-94F6-1779B41DA84E}"
EndProject
Global
	GlobalSection(SolutionConfigurationPlatforms) = preSolution
		Debug|Any CPU = Debug|Any CPU
		Release|Any CPU = Release|Any CPU
	EndGlobalSection
	GlobalSection(ProjectConfigurationPlatforms) = postSolution
		{17EF6D49-929C-4657-9BDB-C54B65498EC0}.Debug|Any CPU.ActiveCfg = Debug|Any CPU
		{17EF6D49-929C-4657-9BDB-C54B65498EC0}.Debug|Any CPU.Build.0 = Debug|Any CPU
		{17EF6D49-929C-4657-9BDB-C54B65498EC0}.Release|Any CPU.ActiveCfg = Release|Any CPU
		{17EF6D49-929C-4657-9BDB-C54B65498EC0}.Release|Any CPU.Build.0 = Release|Any CPU
		{A18C9214-06BC-4C49-9926-6269F40E23A9}.Debug|Any CPU.ActiveCfg = Debug|Any CPU
		{A18C9214-06BC-4C49-9926-6269F40E23A9}.Debug|Any CPU.Build.0 = Debug|Any CPU
		{A18C9214-06BC-4C49-9926-6269F40E23A9}.Release|Any CPU.ActiveCfg = Release|Any CPU
		{A18C9214-06BC-4C49-9926-6269F40E23A9}.Release|Any CPU.Build.0 = Release|Any CPU
		{C3AB518B-2D35-4FD9-A5DB-9D965DDE05E4}.Debug|Any CPU.ActiveCfg = Debug|Any CPU
		{C3AB518B-2D35-4FD9-A5DB-9D965DDE05E4}.Debug|Any CPU.Build.0 = Debug|Any CPU
		{C3AB518B-2D35-4FD9-A5DB-9D965DDE05E4}.Release|Any CPU.ActiveCfg = Release|Any CPU
		{C3AB518B-2D35-4FD9-A5DB-9D965DDE05E4}.Release|Any CPU.Build.0 = Release|Any CPU
		{DBF0FE57-ECF6-4CBE-ACC5-AA3F67C52B9F}.Debug|Any CPU.ActiveCfg = Debug|Any CPU
		{DBF0FE57-ECF6-4CBE-ACC5-AA3F67C52B9F}.Debug|Any CPU.Build.0 = Debug|Any CPU
		{DBF0FE57-ECF6-4CBE-ACC5-AA3F67C52B9F}.Release|Any CPU.ActiveCfg = Release|Any CPU
		{DBF0FE57-ECF6-4CBE-ACC5-AA3F67C52B9F}.Release|Any CPU.Build.0 = Release|Any CPU
		{0723071A-0E1D-4A85-94F6-1779B41DA84E}.Debug|Any CPU.ActiveCfg = Debug|Any CPU
		{0723071A-0E1D-4A85-94F6-1779B41DA84E}.Debug|Any CPU.Build.0 = Debug|Any CPU
		{0723071A-0E1D-4A85-94F6-1779B41DA84E}.Release|Any CPU.ActiveCfg = Release|Any CPU
		{0723071A-0E1D-4A85-94F6-1779B41DA84E}.Release|Any CPU.Build.0 = Release|Any CPU
	EndGlobalSection
	GlobalSection(SolutionProperties) = preSolution
		HideSolutionNode = FALSE
	EndGlobalSection
	GlobalSection(ExtensibilityGlobals) = postSolution
		SolutionGuid = {37675FF0-2FD1-48CB-B0F7-D65E00004D25}
	EndGlobalSection
EndGlobal
